
Microsoft Visual Studio Solution File, Format Version 12.00
# Visual Studio Version 17
VisualStudioVersion = 17.11.35222.181
MinimumVisualStudioVersion = 10.0.40219.1
Project("{FAE04EC0-301F-11D3-BF4B-00C04F79EFBC}") = "Week15OOPAndFiles", "Week15OOPAndFiles\Week15OOPAndFiles.csproj", "{83A778BD-AF10-4311-8666-471095F029F3}"
EndProject
Global
	GlobalSection(SolutionConfigurationPlatforms) = preSolution
		Debug|Any CPU = Debug|Any CPU
		Release|Any CPU = Release|Any CPU
	EndGlobalSection
	GlobalSection(ProjectConfigurationPlatforms) = postSolution
		{83A778BD-AF10-4311-8666-471095F029F3}.Debug|Any CPU.ActiveCfg = Debug|Any CPU
		{83A778BD-AF10-4311-8666-471095F029F3}.Debug|Any CPU.Build.0 = Debug|Any CPU
		{83A778BD-AF10-4311-8666-471095F029F3}.Release|Any CPU.ActiveCfg = Release|Any CPU
		{83A778BD-AF10-4311-8666-471095F029F3}.Release|Any CPU.Build.0 = Release|Any CPU
	EndGlobalSection
	GlobalSection(SolutionProperties) = preSolution
		HideSolutionNode = FALSE
	EndGlobalSection
	GlobalSection(ExtensibilityGlobals) = postSolution
		SolutionGuid = {45388B95-A255-4B2C-B6E2-E4FB4D708690}
	EndGlobalSection
EndGlobal
